
Microsoft Visual Studio Solution File, Format Version 12.00
# Visual Studio Version 16
VisualStudioVersion = 16.0.29418.71
MinimumVisualStudioVersion = 10.0.40219.1
Project("{FAE04EC0-301F-11D3-BF4B-00C04F79EFBC}") = "CollegeScorecard", "CollegeScorecard\CollegeScorecard.csproj", "{66A468CF-223F-4F7D-ACA7-70D42E0F164C}"
EndProject
Global
	GlobalSection(SolutionConfigurationPlatforms) = preSolution
		Debug|Any CPU = Debug|Any CPU
		Release|Any CPU = Release|Any CPU
	EndGlobalSection
	GlobalSection(ProjectConfigurationPlatforms) = postSolution
		{66A468CF-223F-4F7D-ACA7-70D42E0F164C}.Debug|Any CPU.ActiveCfg = Debug|Any CPU
		{66A468CF-223F-4F7D-ACA7-70D42E0F164C}.Debug|Any CPU.Build.0 = Debug|Any CPU
		{66A468CF-223F-4F7D-ACA7-70D42E0F164C}.Release|Any CPU.ActiveCfg = Release|Any CPU
		{66A468CF-223F-4F7D-ACA7-70D42E0F164C}.Release|Any CPU.Build.0 = Release|Any CPU
	EndGlobalSection
	GlobalSection(SolutionProperties) = preSolution
		HideSolutionNode = FALSE
	EndGlobalSection
	GlobalSection(ExtensibilityGlobals) = postSolution
		SolutionGuid = {E654FD02-3F04-4FD8-A1C1-020566D457FD}
	EndGlobalSection
EndGlobal
